
# cargo-vet imports lock

[[publisher.autocfg]]
version = "1.5.0"
when = "2025-06-17"
user-id = 539
user-login = "cuviper"
user-name = "Josh Stone"

[[publisher.libm]]
version = "0.2.15"
when = "2025-05-06"
user-id = 55123
user-login = "rust-lang-owner"

[[publisher.num-complex]]
version = "0.4.6"
when = "2024-05-07"
user-id = 539
user-login = "cuviper"
user-name = "Josh Stone"

[[audits.google.audits.num-traits]]
who = "Manish Goregaokar <manishearth@google.com>"
criteria = "safe-to-deploy"
version = "0.2.19"
notes = "Contains a single line of float-to-int unsafe with decent safety comments"
aggregated-from = "https://chromium.googlesource.com/chromium/src/+/main/third_party/rust/chromium_crates_io/supply-chain/audits.toml?format=TEXT"

[[audits.google.audits.rand]]
who = "Lukasz Anforowicz <lukasza@chromium.org>"
criteria = "safe-to-deploy"
version = "0.8.5"
notes = """
For more detailed unsafe review notes please see https://crrev.com/c/6362797
"""
aggregated-from = "https://chromium.googlesource.com/chromium/src/+/main/third_party/rust/chromium_crates_io/supply-chain/audits.toml?format=TEXT"

[[audits.google.audits.rand_core]]
who = "Lukasz Anforowicz <lukasza@chromium.org>"
criteria = "safe-to-deploy"
version = "0.6.4"
notes = """
For more detailed unsafe review notes please see https://crrev.com/c/6362797
"""
aggregated-from = "https://chromium.googlesource.com/chromium/src/+/main/third_party/rust/chromium_crates_io/supply-chain/audits.toml?format=TEXT"

[audits.mozilla.audits]
